
Microsoft Visual Studio Solution File, Format Version 12.00
# Visual Studio 2012
Project("{FAE04EC0-301F-11D3-BF4B-00C04F79EFBC}") = "WindowsMediaPlayerMK2", "WpfApplication1\WindowsMediaPlayerMK2.csproj", "{918C4AEE-DD69-47D5-A8DB-22F1D7505008}"
EndProject
Global
	GlobalSection(SolutionConfigurationPlatforms) = preSolution
		Debug|Any CPU = Debug|Any CPU
		Release|Any CPU = Release|Any CPU
	EndGlobalSection
	GlobalSection(ProjectConfigurationPlatforms) = postSolution
		{918C4AEE-DD69-47D5-A8DB-22F1D7505008}.Debug|Any CPU.ActiveCfg = Debug|Any CPU
		{918C4AEE-DD69-47D5-A8DB-22F1D7505008}.Debug|Any CPU.Build.0 = Debug|Any CPU
		{918C4AEE-DD69-47D5-A8DB-22F1D7505008}.Release|Any CPU.ActiveCfg = Release|Any CPU
		{918C4AEE-DD69-47D5-A8DB-22F1D7505008}.Release|Any CPU.Build.0 = Release|Any CPU
	EndGlobalSection
	GlobalSection(SolutionProperties) = preSolution
		HideSolutionNode = FALSE
	EndGlobalSection
EndGlobal
